{
  "name": "administrate",
  "lockfileVersion": 2,
  "requires": true,
  "packages": {
    "": {
      "name": "administrate",
      "dependencies": {
        "@rails/ujs": "^7.0.1",
        "eonasdan-bootstrap-datetimepicker": "^4.17.49",
        "esbuild": "^0.14.11",
        "jquery": "^3.6.0",
        "moment": "^2.29.1",
        "sass": "^1.48.0",
        "selectize": "^0.12.6"
      }
    },
    "node_modules/@rails/ujs": {
      "version": "7.0.1",
      "resolved": "https://registry.npmjs.org/@rails/ujs/-/ujs-7.0.1.tgz",
      "integrity": "sha512-ZUkgsbz5KFLfBwjIQ2D/kvyq+2w5BuNnkUJf3940VVJxov9GECu6n2BSXUTmyNAx+R6JQdibzXBuR7nz3crZYw=="
    },
    "node_modules/ansicolors": {
      "version": "0.2.1",
      "resolved": "https://registry.npmjs.org/ansicolors/-/ansicolors-0.2.1.tgz",
      "integrity": "sha1-vgiVmQl7dKXJxKhKDNvNtivYeu8="
    },
    "node_modules/anymatch": {
      "version": "3.1.2",
      "resolved": "https://registry.npmjs.org/anymatch/-/anymatch-3.1.2.tgz",
      "integrity": "sha512-P43ePfOAIupkguHUycrc4qJ9kz8ZiuOUijaETwX7THt0Y/GNK7v0aa8rY816xWjZ7rJdA5XdMcpVFTKMq+RvWg==",
      "dependencies": {
        "normalize-path": "^3.0.0",
        "picomatch": "^2.0.4"
      },
      "engines": {
        "node": ">= 8"
      }
    },
    "node_modules/async": {
      "version": "2.6.3",
      "resolved": "https://registry.npmjs.org/async/-/async-2.6.3.tgz",
      "integrity": "sha512-zflvls11DCy+dQWzTW2dzuilv8Z5X/pjfmZOWba6TNIVDm+2UDaJmXSOXlasHKfNBs8oo3M0aT50fDEWfKZjXg==",
      "dependencies": {
        "lodash": "^4.17.14"
      }
    },
    "node_modules/binary-extensions": {
      "version": "2.2.0",
      "resolved": "https://registry.npmjs.org/binary-extensions/-/binary-extensions-2.2.0.tgz",
      "integrity": "sha512-jDctJ/IVQbZoJykoeHbhXpOlNBqGNcwXJKJog42E5HDPUwQTSdjCHdihjj0DlnheQ7blbT6dHOafNAiS8ooQKA==",
      "engines": {
        "node": ">=8"
      }
    },
    "node_modules/bootstrap": {
      "version": "3.4.1",
      "resolved": "https://registry.npmjs.org/bootstrap/-/bootstrap-3.4.1.tgz",
      "integrity": "sha512-yN5oZVmRCwe5aKwzRj6736nSmKDX7pLYwsXiCj/EYmo16hODaBiT4En5btW/jhBF/seV+XMx3aYwukYC3A49DA==",
      "engines": {
        "node": ">=6"
      }
    },
    "node_modules/braces": {
      "version": "3.0.2",
      "resolved": "https://registry.npmjs.org/braces/-/braces-3.0.2.tgz",
      "integrity": "sha512-b8um+L1RzM3WDSzvhm6gIz1yfTbBt6YTlcEKAvsmqCZZFw46z626lVj9j1yEPW33H5H+lBQpZMP1k8l+78Ha0A==",
      "dependencies": {
        "fill-range": "^7.0.1"
      },
      "engines": {
        "node": ">=8"
      }
    },
    "node_modules/cardinal": {
      "version": "1.0.0",
      "resolved": "https://registry.npmjs.org/cardinal/-/cardinal-1.0.0.tgz",
      "integrity": "sha1-UOIcGwqjdyn5N33vGWtanOyTLuk=",
      "dependencies": {
        "ansicolors": "~0.2.1",
        "redeyed": "~1.0.0"
      },
      "bin": {
        "cdl": "bin/cdl.js"
      }
    },
    "node_modules/chokidar": {
      "version": "3.5.2",
      "resolved": "https://registry.npmjs.org/chokidar/-/chokidar-3.5.2.tgz",
      "integrity": "sha512-ekGhOnNVPgT77r4K/U3GDhu+FQ2S8TnK/s2KbIGXi0SZWuwkZ2QNyfWdZW+TVfn84DpEP7rLeCt2UI6bJ8GwbQ==",
      "dependencies": {
        "anymatch": "~3.1.2",
        "braces": "~3.0.2",
        "glob-parent": "~5.1.2",
        "is-binary-path": "~2.1.0",
        "is-glob": "~4.0.1",
        "normalize-path": "~3.0.0",
        "readdirp": "~3.6.0"
      },
      "engines": {
        "node": ">= 8.10.0"
      },
      "optionalDependencies": {
        "fsevents": "~2.3.2"
      }
    },
    "node_modules/csv-parse": {
      "version": "4.16.3",
      "resolved": "https://registry.npmjs.org/csv-parse/-/csv-parse-4.16.3.tgz",
      "integrity": "sha512-cO1I/zmz4w2dcKHVvpCr7JVRu8/FymG5OEpmvsZYlccYolPBLoVGKUHgNoc4ZGkFeFlWGEDmMyBM+TTqRdW/wg=="
    },
    "node_modules/eonasdan-bootstrap-datetimepicker": {
      "version": "4.17.49",
      "resolved": "https://registry.npmjs.org/eonasdan-bootstrap-datetimepicker/-/eonasdan-bootstrap-datetimepicker-4.17.49.tgz",
      "integrity": "sha512-7KZeDpkj+A6AtPR3XjX8gAnRPUkPSfW0OmMANG1dkUOPMtLSzbyoCjDIdEcfRtQPU5X0D9Gob7wWKn0h4QWy7A==",
      "dependencies": {
        "bootstrap": "^3.3",
        "jquery": "^3.5.1",
        "moment": "^2.10",
        "moment-timezone": "^0.4.0"
      },
      "peerDependencies": {
        "bootstrap": "^3.3",
        "jquery": "^1.8.3 || ^2.0 || ^3.0",
        "moment": "^2.10",
        "moment-timezone": "^0.4.0 || ^0.5.0"
      }
    },
    "node_modules/esbuild": {
      "version": "0.14.11",
      "resolved": "https://registry.npmjs.org/esbuild/-/esbuild-0.14.11.tgz",
      "integrity": "sha512-xZvPtVj6yecnDeFb3KjjCM6i7B5TCAQZT77kkW/CpXTMnd6VLnRPKrUB1XHI1pSq6a4Zcy3BGueQ8VljqjDGCg==",
      "hasInstallScript": true,
      "bin": {
        "esbuild": "bin/esbuild"
      },
      "optionalDependencies": {
        "esbuild-android-arm64": "0.14.11",
        "esbuild-darwin-64": "0.14.11",
        "esbuild-darwin-arm64": "0.14.11",
        "esbuild-freebsd-64": "0.14.11",
        "esbuild-freebsd-arm64": "0.14.11",
        "esbuild-linux-32": "0.14.11",
        "esbuild-linux-64": "0.14.11",
        "esbuild-linux-arm": "0.14.11",
        "esbuild-linux-arm64": "0.14.11",
        "esbuild-linux-mips64le": "0.14.11",
        "esbuild-linux-ppc64le": "0.14.11",
        "esbuild-linux-s390x": "0.14.11",
        "esbuild-netbsd-64": "0.14.11",
        "esbuild-openbsd-64": "0.14.11",
        "esbuild-sunos-64": "0.14.11",
        "esbuild-windows-32": "0.14.11",
        "esbuild-windows-64": "0.14.11",
        "esbuild-windows-arm64": "0.14.11"
      }
    },
    "node_modules/esbuild-android-arm64": {
      "version": "0.14.11",
      "resolved": "https://registry.npmjs.org/esbuild-android-arm64/-/esbuild-android-arm64-0.14.11.tgz",
      "integrity": "sha512-6iHjgvMnC/SzDH8TefL+/3lgCjYWwAd1LixYfmz/TBPbDQlxcuSkX0yiQgcJB9k+ibZ54yjVXziIwGdlc+6WNw==",
      "cpu": [
        "arm64"
      ],
      "optional": true,
      "os": [
        "android"
      ]
    },
    "node_modules/esbuild-darwin-64": {
      "version": "0.14.11",
      "resolved": "https://registry.npmjs.org/esbuild-darwin-64/-/esbuild-darwin-64-0.14.11.tgz",
      "integrity": "sha512-olq84ikh6TiBcrs3FnM4eR5VPPlcJcdW8BnUz/lNoEWYifYQ+Po5DuYV1oz1CTFMw4k6bQIZl8T3yxL+ZT2uvQ==",
      "cpu": [
        "x64"
      ],
      "optional": true,
      "os": [
        "darwin"
      ]
    },
    "node_modules/esbuild-darwin-arm64": {
      "version": "0.14.11",
      "resolved": "https://registry.npmjs.org/esbuild-darwin-arm64/-/esbuild-darwin-arm64-0.14.11.tgz",
      "integrity": "sha512-Jj0ieWLREPBYr/TZJrb2GFH8PVzDqiQWavo1pOFFShrcmHWDBDrlDxPzEZ67NF/Un3t6sNNmeI1TUS/fe1xARg==",
      "cpu": [
        "arm64"
      ],
      "optional": true,
      "os": [
        "darwin"
      ]
    },
    "node_modules/esbuild-freebsd-64": {
      "version": "0.14.11",
      "resolved": "https://registry.npmjs.org/esbuild-freebsd-64/-/esbuild-freebsd-64-0.14.11.tgz",
      "integrity": "sha512-C5sT3/XIztxxz/zwDjPRHyzj/NJFOnakAanXuyfLDwhwupKPd76/PPHHyJx6Po6NI6PomgVp/zi6GRB8PfrOTA==",
      "cpu": [
        "x64"
      ],
      "optional": true,
      "os": [
        "freebsd"
      ]
    },
    "node_modules/esbuild-freebsd-arm64": {
      "version": "0.14.11",
      "resolved": "https://registry.npmjs.org/esbuild-freebsd-arm64/-/esbuild-freebsd-arm64-0.14.11.tgz",
      "integrity": "sha512-y3Llu4wbs0bk4cwjsdAtVOesXb6JkdfZDLKMt+v1U3tOEPBdSu6w8796VTksJgPfqvpX22JmPLClls0h5p+L9w==",
      "cpu": [
        "arm64"
      ],
      "optional": true,
      "os": [
        "freebsd"
      ]
    },
    "node_modules/esbuild-linux-32": {
      "version": "0.14.11",
      "resolved": "https://registry.npmjs.org/esbuild-linux-32/-/esbuild-linux-32-0.14.11.tgz",
      "integrity": "sha512-Cg3nVsxArjyLke9EuwictFF3Sva+UlDTwHIuIyx8qpxRYAOUTmxr2LzYrhHyTcGOleLGXUXYsnUVwKqnKAgkcg==",
      "cpu": [
        "ia32"
      ],
      "optional": true,
      "os": [
        "linux"
      ]
    },
    "node_modules/esbuild-linux-64": {
      "version": "0.14.11",
      "resolved": "https://registry.npmjs.org/esbuild-linux-64/-/esbuild-linux-64-0.14.11.tgz",
      "integrity": "sha512-oeR6dIrrojr8DKVrxtH3xl4eencmjsgI6kPkDCRIIFwv4p+K7ySviM85K66BN01oLjzthpUMvBVfWSJkBLeRbg==",
      "cpu": [
        "x64"
      ],
      "optional": true,
      "os": [
        "linux"
      ]
    },
    "node_modules/esbuild-linux-arm": {
      "version": "0.14.11",
      "resolved": "https://registry.npmjs.org/esbuild-linux-arm/-/esbuild-linux-arm-0.14.11.tgz",
      "integrity": "sha512-vcwskfD9g0tojux/ZaTJptJQU3a7YgTYsptK1y6LQ/rJmw7U5QJvboNawqM98Ca3ToYEucfCRGbl66OTNtp6KQ==",
      "cpu": [
        "arm"
      ],
      "optional": true,
      "os": [
        "linux"
      ]
    },
    "node_modules/esbuild-linux-arm64": {
      "version": "0.14.11",
      "resolved": "https://registry.npmjs.org/esbuild-linux-arm64/-/esbuild-linux-arm64-0.14.11.tgz",
      "integrity": "sha512-+e6ZCgTFQYZlmg2OqLkg1jHLYtkNDksxWDBWNtI4XG4WxuOCUErLqfEt9qWjvzK3XBcCzHImrajkUjO+rRkbMg==",
      "cpu": [
        "arm64"
      ],
      "optional": true,
      "os": [
        "linux"
      ]
    },
    "node_modules/esbuild-linux-mips64le": {
      "version": "0.14.11",
      "resolved": "https://registry.npmjs.org/esbuild-linux-mips64le/-/esbuild-linux-mips64le-0.14.11.tgz",
      "integrity": "sha512-Rrs99L+p54vepmXIb87xTG6ukrQv+CzrM8eoeR+r/OFL2Rg8RlyEtCeshXJ2+Q66MXZOgPJaokXJZb9snq28bw==",
      "cpu": [
        "mips64el"
      ],
      "optional": true,
      "os": [
        "linux"
      ]
    },
    "node_modules/esbuild-linux-ppc64le": {
      "version": "0.14.11",
      "resolved": "https://registry.npmjs.org/esbuild-linux-ppc64le/-/esbuild-linux-ppc64le-0.14.11.tgz",
      "integrity": "sha512-JyzziGAI0D30Vyzt0HDihp4s1IUtJ3ssV2zx9O/c+U/dhUHVP2TmlYjzCfCr2Q6mwXTeloDcLS4qkyvJtYptdQ==",
      "cpu": [
        "ppc64"
      ],
      "optional": true,
      "os": [
        "linux"
      ]
    },
    "node_modules/esbuild-linux-s390x": {
      "version": "0.14.11",
      "resolved": "https://registry.npmjs.org/esbuild-linux-s390x/-/esbuild-linux-s390x-0.14.11.tgz",
      "integrity": "sha512-DoThrkzunZ1nfRGoDN6REwmo8ZZWHd2ztniPVIR5RMw/Il9wiWEYBahb8jnMzQaSOxBsGp0PbyJeVLTUatnlcw==",
      "cpu": [
        "s390x"
      ],
      "optional": true,
      "os": [
        "linux"
      ]
    },
    "node_modules/esbuild-netbsd-64": {
      "version": "0.14.11",
      "resolved": "https://registry.npmjs.org/esbuild-netbsd-64/-/esbuild-netbsd-64-0.14.11.tgz",
      "integrity": "sha512-12luoRQz+6eihKYh1zjrw0CBa2aw3twIiHV/FAfjh2NEBDgJQOY4WCEUEN+Rgon7xmLh4XUxCQjnwrvf8zhACw==",
      "cpu": [
        "x64"
      ],
      "optional": true,
      "os": [
        "netbsd"
      ]
    },
    "node_modules/esbuild-openbsd-64": {
      "version": "0.14.11",
      "resolved": "https://registry.npmjs.org/esbuild-openbsd-64/-/esbuild-openbsd-64-0.14.11.tgz",
      "integrity": "sha512-l18TZDjmvwW6cDeR4fmizNoxndyDHamGOOAenwI4SOJbzlJmwfr0jUgjbaXCUuYVOA964siw+Ix+A+bhALWg8Q==",
      "cpu": [
        "x64"
      ],
      "optional": true,
      "os": [
        "openbsd"
      ]
    },
    "node_modules/esbuild-sunos-64": {
      "version": "0.14.11",
      "resolved": "https://registry.npmjs.org/esbuild-sunos-64/-/esbuild-sunos-64-0.14.11.tgz",
      "integrity": "sha512-bmYzDtwASBB8c+0/HVOAiE9diR7+8zLm/i3kEojUH2z0aIs6x/S4KiTuT5/0VKJ4zk69kXel1cNWlHBMkmavQg==",
      "cpu": [
        "x64"
      ],
      "optional": true,
      "os": [
        "sunos"
      ]
    },
    "node_modules/esbuild-windows-32": {
      "version": "0.14.11",
      "resolved": "https://registry.npmjs.org/esbuild-windows-32/-/esbuild-windows-32-0.14.11.tgz",
      "integrity": "sha512-J1Ys5hMid8QgdY00OBvIolXgCQn1ARhYtxPnG6ESWNTty3ashtc4+As5nTrsErnv8ZGUcWZe4WzTP/DmEVX1UQ==",
      "cpu": [
        "ia32"
      ],
      "optional": true,
      "os": [
        "win32"
      ]
    },
    "node_modules/esbuild-windows-64": {
      "version": "0.14.11",
      "resolved": "https://registry.npmjs.org/esbuild-windows-64/-/esbuild-windows-64-0.14.11.tgz",
      "integrity": "sha512-h9FmMskMuGeN/9G9+LlHPAoiQk9jlKDUn9yA0MpiGzwLa82E7r1b1u+h2a+InprbSnSLxDq/7p5YGtYVO85Mlg==",
      "cpu": [
        "x64"
      ],
      "optional": true,
      "os": [
        "win32"
      ]
    },
    "node_modules/esbuild-windows-arm64": {
      "version": "0.14.11",
      "resolved": "https://registry.npmjs.org/esbuild-windows-arm64/-/esbuild-windows-arm64-0.14.11.tgz",
      "integrity": "sha512-dZp7Krv13KpwKklt9/1vBFBMqxEQIO6ri7Azf8C+ob4zOegpJmha2XY9VVWP/OyQ0OWk6cEeIzMJwInRZrzBUQ==",
      "cpu": [
        "arm64"
      ],
      "optional": true,
      "os": [
        "win32"
      ]
    },
    "node_modules/esprima": {
      "version": "3.0.0",
      "resolved": "https://registry.npmjs.org/esprima/-/esprima-3.0.0.tgz",
      "integrity": "sha1-U88kes2ncxPlUcOqLnM0LT+099k=",
      "bin": {
        "esparse": "bin/esparse.js",
        "esvalidate": "bin/esvalidate.js"
      },
      "engines": {
        "node": ">=0.10.0"
      }
    },
    "node_modules/fill-range": {
      "version": "7.0.1",
      "resolved": "https://registry.npmjs.org/fill-range/-/fill-range-7.0.1.tgz",
      "integrity": "sha512-qOo9F+dMUmC2Lcb4BbVvnKJxTPjCm+RRpe4gDuGrzkL7mEVl/djYSu2OdQ2Pa302N4oqkSg9ir6jaLWJ2USVpQ==",
      "dependencies": {
        "to-regex-range": "^5.0.1"
      },
      "engines": {
        "node": ">=8"
      }
    },
    "node_modules/fsevents": {
      "version": "2.3.2",
      "resolved": "https://registry.npmjs.org/fsevents/-/fsevents-2.3.2.tgz",
      "integrity": "sha512-xiqMQR4xAeHTuB9uWm+fFRcIOgKBMiOBP+eXiyT7jsgVCq1bkVygt00oASowB7EdtpOHaaPgKt812P9ab+DDKA==",
      "hasInstallScript": true,
      "optional": true,
      "os": [
        "darwin"
      ],
      "engines": {
        "node": "^8.16.0 || ^10.6.0 || >=11.0.0"
      }
    },
    "node_modules/glob-parent": {
      "version": "5.1.2",
      "resolved": "https://registry.npmjs.org/glob-parent/-/glob-parent-5.1.2.tgz",
      "integrity": "sha512-AOIgSQCepiJYwP3ARnGx+5VnTu2HBYdzbGP45eLw1vr3zB3vZLeyed1sC9hnbcOc9/SrMyM5RPQrkGz4aS9Zow==",
      "dependencies": {
        "is-glob": "^4.0.1"
      },
      "engines": {
        "node": ">= 6"
      }
    },
    "node_modules/humanize": {
      "version": "0.0.9",
      "resolved": "https://registry.npmjs.org/humanize/-/humanize-0.0.9.tgz",
      "integrity": "sha1-GZT/rs3+nEQe0r2sdFK3u0yeQaQ=",
      "engines": {
        "node": "*"
      }
    },
    "node_modules/immutable": {
      "version": "4.0.0",
      "resolved": "https://registry.npmjs.org/immutable/-/immutable-4.0.0.tgz",
      "integrity": "sha512-zIE9hX70qew5qTUjSS7wi1iwj/l7+m54KWU247nhM3v806UdGj1yDndXj+IOYxxtW9zyLI+xqFNZjTuDaLUqFw=="
    },
    "node_modules/is-binary-path": {
      "version": "2.1.0",
      "resolved": "https://registry.npmjs.org/is-binary-path/-/is-binary-path-2.1.0.tgz",
      "integrity": "sha512-ZMERYes6pDydyuGidse7OsHxtbI7WVeUEozgR/g7rd0xUimYNlvZRE/K2MgZTjWy725IfelLeVcEM97mmtRGXw==",
      "dependencies": {
        "binary-extensions": "^2.0.0"
      },
      "engines": {
        "node": ">=8"
      }
    },
    "node_modules/is-extglob": {
      "version": "2.1.1",
      "resolved": "https://registry.npmjs.org/is-extglob/-/is-extglob-2.1.1.tgz",
      "integrity": "sha1-qIwCU1eR8C7TfHahueqXc8gz+MI=",
      "engines": {
        "node": ">=0.10.0"
      }
    },
    "node_modules/is-glob": {
      "version": "4.0.3",
      "resolved": "https://registry.npmjs.org/is-glob/-/is-glob-4.0.3.tgz",
      "integrity": "sha512-xelSayHH36ZgE7ZWhli7pW34hNbNl8Ojv5KVmkJD4hBdD3th8Tfk9vYasLM+mXWOZhFkgZfxhLSnrwRr4elSSg==",
      "dependencies": {
        "is-extglob": "^2.1.1"
      },
      "engines": {
        "node": ">=0.10.0"
      }
    },
    "node_modules/is-number": {
      "version": "7.0.0",
      "resolved": "https://registry.npmjs.org/is-number/-/is-number-7.0.0.tgz",
      "integrity": "sha512-41Cifkg6e8TylSpdtTpeLVMqvSBEVzTttHvERD741+pnZ8ANv0004MRL43QKPDlK9cGvNp6NZWZUBlbGXYxxng==",
      "engines": {
        "node": ">=0.12.0"
      }
    },
    "node_modules/jquery": {
      "version": "3.6.0",
      "resolved": "https://registry.npmjs.org/jquery/-/jquery-3.6.0.tgz",
      "integrity": "sha512-JVzAR/AjBvVt2BmYhxRCSYysDsPcssdmTFnzyLEts9qNwmjmu4JTAMYubEfwVOSwpQ1I1sKKFcxhZCI2buerfw=="
    },
    "node_modules/lodash": {
      "version": "4.17.21",
      "resolved": "https://registry.npmjs.org/lodash/-/lodash-4.17.21.tgz",
      "integrity": "sha512-v2kDEe57lecTulaDIuNTPy3Ry4gLGJ6Z1O3vE1krgXZNrsQ+LFTGHVxVjcXPs17LhbZVGedAJv8XZ1tvj5FvSg=="
    },
    "node_modules/microplugin": {
      "version": "0.0.3",
      "resolved": "https://registry.npmjs.org/microplugin/-/microplugin-0.0.3.tgz",
      "integrity": "sha1-H8Lhu3yeGegr2Eu6kTe75xJQ2M0=",
      "engines": {
        "node": "*"
      }
    },
    "node_modules/minimist": {
      "version": "0.0.10",
      "resolved": "https://registry.npmjs.org/minimist/-/minimist-0.0.10.tgz",
      "integrity": "sha1-3j+YVD2/lggr5IrRoMfNqDYwHc8="
    },
    "node_modules/moment": {
      "version": "2.29.1",
      "resolved": "https://registry.npmjs.org/moment/-/moment-2.29.1.tgz",
      "integrity": "sha512-kHmoybcPV8Sqy59DwNDY3Jefr64lK/by/da0ViFcuA4DH0vQg5Q6Ze5VimxkfQNSC+Mls/Kx53s7TjP1RhFEDQ==",
      "engines": {
        "node": "*"
      }
    },
    "node_modules/moment-timezone": {
      "version": "0.4.1",
      "resolved": "https://registry.npmjs.org/moment-timezone/-/moment-timezone-0.4.1.tgz",
      "integrity": "sha1-gfWYw61eIs2teWtn7NjYjQ9bqgY=",
      "dependencies": {
        "moment": ">= 2.6.0"
      },
      "engines": {
        "node": "*"
      }
    },
    "node_modules/normalize-path": {
      "version": "3.0.0",
      "resolved": "https://registry.npmjs.org/normalize-path/-/normalize-path-3.0.0.tgz",
      "integrity": "sha512-6eZs5Ls3WtCisHWp9S2GUy8dqkpGi4BVSz3GaqiE6ezub0512ESztXUwUB6C6IKbQkY2Pnb/mD4WYojCRwcwLA==",
      "engines": {
        "node": ">=0.10.0"
      }
    },
    "node_modules/optimist": {
      "version": "0.6.1",
      "resolved": "https://registry.npmjs.org/optimist/-/optimist-0.6.1.tgz",
      "integrity": "sha1-2j6nRob6IaGaERwybpDrFaAZZoY=",
      "dependencies": {
        "minimist": "~0.0.1",
        "wordwrap": "~0.0.2"
      }
    },
    "node_modules/picomatch": {
      "version": "2.3.1",
      "resolved": "https://registry.npmjs.org/picomatch/-/picomatch-2.3.1.tgz",
      "integrity": "sha512-JU3teHTNjmE2VCGFzuY8EXzCDVwEqB2a8fsIvwaStHhAWJEeVd1o1QD80CU6+ZdEXXSLbSsuLwJjkCBWqRQUVA==",
      "engines": {
        "node": ">=8.6"
      },
      "funding": {
        "url": "https://github.com/sponsors/jonschlinkert"
      }
    },
    "node_modules/readdirp": {
      "version": "3.6.0",
      "resolved": "https://registry.npmjs.org/readdirp/-/readdirp-3.6.0.tgz",
      "integrity": "sha512-hOS089on8RduqdbhvQ5Z37A0ESjsqz6qnRcffsMU3495FuTdqSm+7bhJ29JvIOsBDEEnan5DPu9t3To9VRlMzA==",
      "dependencies": {
        "picomatch": "^2.2.1"
      },
      "engines": {
        "node": ">=8.10.0"
      }
    },
    "node_modules/redeyed": {
      "version": "1.0.1",
      "resolved": "https://registry.npmjs.org/redeyed/-/redeyed-1.0.1.tgz",
      "integrity": "sha1-6WwZO0DAgWsArshCaY5hGF5VSYo=",
      "dependencies": {
        "esprima": "~3.0.0"
      }
    },
    "node_modules/sass": {
      "version": "1.48.0",
      "resolved": "https://registry.npmjs.org/sass/-/sass-1.48.0.tgz",
      "integrity": "sha512-hQi5g4DcfjcipotoHZ80l7GNJHGqQS5LwMBjVYB/TaT0vcSSpbgM8Ad7cgfsB2M0MinbkEQQPO9+sjjSiwxqmw==",
      "dependencies": {
        "chokidar": ">=3.0.0 <4.0.0",
        "immutable": "^4.0.0",
        "source-map-js": ">=0.6.2 <2.0.0"
      },
      "bin": {
        "sass": "sass.js"
      },
      "engines": {
        "node": ">=8.9.0"
      }
    },
    "node_modules/selectize": {
      "version": "0.12.6",
      "resolved": "https://registry.npmjs.org/selectize/-/selectize-0.12.6.tgz",
      "integrity": "sha512-bWO5A7G+I8+QXyjLfQUgh31VI4WKYagUZQxAXlDyUmDDNrFxrASV0W9hxCOl0XJ/XQ1dZEu3G9HjXV4Wj0yb6w==",
      "dependencies": {
        "microplugin": "0.0.3",
        "sifter": "^0.5.1"
      },
      "engines": {
        "node": "*"
      },
      "peerDependencies": {
        "jquery": "^1.7.0, ^2, ^3"
      }
    },
    "node_modules/sifter": {
      "version": "0.5.4",
      "resolved": "https://registry.npmjs.org/sifter/-/sifter-0.5.4.tgz",
      "integrity": "sha512-t2yxTi/MM/ESup7XH5oMu8PUcttlekt269RqxARgnvS+7D/oP6RyA1x3M/5w8dG9OgkOyQ8hNRWelQ8Rj4TAQQ==",
      "dependencies": {
        "async": "^2.6.0",
        "cardinal": "^1.0.0",
        "csv-parse": "^4.6.5",
        "humanize": "^0.0.9",
        "optimist": "^0.6.1"
      },
      "bin": {
        "sifter": "bin/sifter.js"
      }
    },
    "node_modules/source-map-js": {
      "version": "1.0.1",
      "resolved": "https://registry.npmjs.org/source-map-js/-/source-map-js-1.0.1.tgz",
      "integrity": "sha512-4+TN2b3tqOCd/kaGRJ/sTYA0tR0mdXx26ipdolxcwtJVqEnqNYvlCAt1q3ypy4QMlYus+Zh34RNtYLoq2oQ4IA==",
      "engines": {
        "node": ">=0.10.0"
      }
    },
    "node_modules/to-regex-range": {
      "version": "5.0.1",
      "resolved": "https://registry.npmjs.org/to-regex-range/-/to-regex-range-5.0.1.tgz",
      "integrity": "sha512-65P7iz6X5yEr1cwcgvQxbbIw7Uk3gOy5dIdtZ4rDveLqhrdJP+Li/Hx6tyK0NEb+2GCyneCMJiGqrADCSNk8sQ==",
      "dependencies": {
        "is-number": "^7.0.0"
      },
      "engines": {
        "node": ">=8.0"
      }
    },
    "node_modules/wordwrap": {
      "version": "0.0.3",
      "resolved": "https://registry.npmjs.org/wordwrap/-/wordwrap-0.0.3.tgz",
      "integrity": "sha1-o9XabNXAvAAI03I0u68b7WMFkQc=",
      "engines": {
        "node": ">=0.4.0"
      }
    }
  },
  "dependencies": {
    "@rails/ujs": {
      "version": "7.0.1",
      "resolved": "https://registry.npmjs.org/@rails/ujs/-/ujs-7.0.1.tgz",
      "integrity": "sha512-ZUkgsbz5KFLfBwjIQ2D/kvyq+2w5BuNnkUJf3940VVJxov9GECu6n2BSXUTmyNAx+R6JQdibzXBuR7nz3crZYw=="
    },
    "ansicolors": {
      "version": "0.2.1",
      "resolved": "https://registry.npmjs.org/ansicolors/-/ansicolors-0.2.1.tgz",
      "integrity": "sha1-vgiVmQl7dKXJxKhKDNvNtivYeu8="
    },
    "anymatch": {
      "version": "3.1.2",
      "resolved": "https://registry.npmjs.org/anymatch/-/anymatch-3.1.2.tgz",
      "integrity": "sha512-P43ePfOAIupkguHUycrc4qJ9kz8ZiuOUijaETwX7THt0Y/GNK7v0aa8rY816xWjZ7rJdA5XdMcpVFTKMq+RvWg==",
      "requires": {
        "normalize-path": "^3.0.0",
        "picomatch": "^2.0.4"
      }
    },
    "async": {
      "version": "2.6.3",
      "resolved": "https://registry.npmjs.org/async/-/async-2.6.3.tgz",
      "integrity": "sha512-zflvls11DCy+dQWzTW2dzuilv8Z5X/pjfmZOWba6TNIVDm+2UDaJmXSOXlasHKfNBs8oo3M0aT50fDEWfKZjXg==",
      "requires": {
        "lodash": "^4.17.14"
      }
    },
    "binary-extensions": {
      "version": "2.2.0",
      "resolved": "https://registry.npmjs.org/binary-extensions/-/binary-extensions-2.2.0.tgz",
      "integrity": "sha512-jDctJ/IVQbZoJykoeHbhXpOlNBqGNcwXJKJog42E5HDPUwQTSdjCHdihjj0DlnheQ7blbT6dHOafNAiS8ooQKA=="
    },
    "bootstrap": {
      "version": "3.4.1",
      "resolved": "https://registry.npmjs.org/bootstrap/-/bootstrap-3.4.1.tgz",
      "integrity": "sha512-yN5oZVmRCwe5aKwzRj6736nSmKDX7pLYwsXiCj/EYmo16hODaBiT4En5btW/jhBF/seV+XMx3aYwukYC3A49DA=="
    },
    "braces": {
      "version": "3.0.2",
      "resolved": "https://registry.npmjs.org/braces/-/braces-3.0.2.tgz",
      "integrity": "sha512-b8um+L1RzM3WDSzvhm6gIz1yfTbBt6YTlcEKAvsmqCZZFw46z626lVj9j1yEPW33H5H+lBQpZMP1k8l+78Ha0A==",
      "requires": {
        "fill-range": "^7.0.1"
      }
    },
    "cardinal": {
      "version": "1.0.0",
      "resolved": "https://registry.npmjs.org/cardinal/-/cardinal-1.0.0.tgz",
      "integrity": "sha1-UOIcGwqjdyn5N33vGWtanOyTLuk=",
      "requires": {
        "ansicolors": "~0.2.1",
        "redeyed": "~1.0.0"
      }
    },
    "chokidar": {
      "version": "3.5.2",
      "resolved": "https://registry.npmjs.org/chokidar/-/chokidar-3.5.2.tgz",
      "integrity": "sha512-ekGhOnNVPgT77r4K/U3GDhu+FQ2S8TnK/s2KbIGXi0SZWuwkZ2QNyfWdZW+TVfn84DpEP7rLeCt2UI6bJ8GwbQ==",
      "requires": {
        "anymatch": "~3.1.2",
        "braces": "~3.0.2",
        "fsevents": "~2.3.2",
        "glob-parent": "~5.1.2",
        "is-binary-path": "~2.1.0",
        "is-glob": "~4.0.1",
        "normalize-path": "~3.0.0",
        "readdirp": "~3.6.0"
      }
    },
    "csv-parse": {
      "version": "4.16.3",
      "resolved": "https://registry.npmjs.org/csv-parse/-/csv-parse-4.16.3.tgz",
      "integrity": "sha512-cO1I/zmz4w2dcKHVvpCr7JVRu8/FymG5OEpmvsZYlccYolPBLoVGKUHgNoc4ZGkFeFlWGEDmMyBM+TTqRdW/wg=="
    },
    "eonasdan-bootstrap-datetimepicker": {
      "version": "4.17.49",
      "resolved": "https://registry.npmjs.org/eonasdan-bootstrap-datetimepicker/-/eonasdan-bootstrap-datetimepicker-4.17.49.tgz",
      "integrity": "sha512-7KZeDpkj+A6AtPR3XjX8gAnRPUkPSfW0OmMANG1dkUOPMtLSzbyoCjDIdEcfRtQPU5X0D9Gob7wWKn0h4QWy7A==",
      "requires": {
        "bootstrap": "^3.3",
        "jquery": "^3.5.1",
        "moment": "^2.10",
        "moment-timezone": "^0.4.0"
      }
    },
    "esbuild": {
      "version": "0.14.11",
      "resolved": "https://registry.npmjs.org/esbuild/-/esbuild-0.14.11.tgz",
      "integrity": "sha512-xZvPtVj6yecnDeFb3KjjCM6i7B5TCAQZT77kkW/CpXTMnd6VLnRPKrUB1XHI1pSq6a4Zcy3BGueQ8VljqjDGCg==",
      "requires": {
        "esbuild-android-arm64": "0.14.11",
        "esbuild-darwin-64": "0.14.11",
        "esbuild-darwin-arm64": "0.14.11",
        "esbuild-freebsd-64": "0.14.11",
        "esbuild-freebsd-arm64": "0.14.11",
        "esbuild-linux-32": "0.14.11",
        "esbuild-linux-64": "0.14.11",
        "esbuild-linux-arm": "0.14.11",
        "esbuild-linux-arm64": "0.14.11",
        "esbuild-linux-mips64le": "0.14.11",
        "esbuild-linux-ppc64le": "0.14.11",
        "esbuild-linux-s390x": "0.14.11",
        "esbuild-netbsd-64": "0.14.11",
        "esbuild-openbsd-64": "0.14.11",
        "esbuild-sunos-64": "0.14.11",
        "esbuild-windows-32": "0.14.11",
        "esbuild-windows-64": "0.14.11",
        "esbuild-windows-arm64": "0.14.11"
      }
    },
    "esbuild-android-arm64": {
      "version": "0.14.11",
      "resolved": "https://registry.npmjs.org/esbuild-android-arm64/-/esbuild-android-arm64-0.14.11.tgz",
      "integrity": "sha512-6iHjgvMnC/SzDH8TefL+/3lgCjYWwAd1LixYfmz/TBPbDQlxcuSkX0yiQgcJB9k+ibZ54yjVXziIwGdlc+6WNw==",
      "optional": true
    },
    "esbuild-darwin-64": {
      "version": "0.14.11",
      "resolved": "https://registry.npmjs.org/esbuild-darwin-64/-/esbuild-darwin-64-0.14.11.tgz",
      "integrity": "sha512-olq84ikh6TiBcrs3FnM4eR5VPPlcJcdW8BnUz/lNoEWYifYQ+Po5DuYV1oz1CTFMw4k6bQIZl8T3yxL+ZT2uvQ==",
      "optional": true
    },
    "esbuild-darwin-arm64": {
      "version": "0.14.11",
      "resolved": "https://registry.npmjs.org/esbuild-darwin-arm64/-/esbuild-darwin-arm64-0.14.11.tgz",
      "integrity": "sha512-Jj0ieWLREPBYr/TZJrb2GFH8PVzDqiQWavo1pOFFShrcmHWDBDrlDxPzEZ67NF/Un3t6sNNmeI1TUS/fe1xARg==",
      "optional": true
    },
    "esbuild-freebsd-64": {
      "version": "0.14.11",
      "resolved": "https://registry.npmjs.org/esbuild-freebsd-64/-/esbuild-freebsd-64-0.14.11.tgz",
      "integrity": "sha512-C5sT3/XIztxxz/zwDjPRHyzj/NJFOnakAanXuyfLDwhwupKPd76/PPHHyJx6Po6NI6PomgVp/zi6GRB8PfrOTA==",
      "optional": true
    },
    "esbuild-freebsd-arm64": {
      "version": "0.14.11",
      "resolved": "https://registry.npmjs.org/esbuild-freebsd-arm64/-/esbuild-freebsd-arm64-0.14.11.tgz",
      "integrity": "sha512-y3Llu4wbs0bk4cwjsdAtVOesXb6JkdfZDLKMt+v1U3tOEPBdSu6w8796VTksJgPfqvpX22JmPLClls0h5p+L9w==",
      "optional": true
    },
    "esbuild-linux-32": {
      "version": "0.14.11",
      "resolved": "https://registry.npmjs.org/esbuild-linux-32/-/esbuild-linux-32-0.14.11.tgz",
      "integrity": "sha512-Cg3nVsxArjyLke9EuwictFF3Sva+UlDTwHIuIyx8qpxRYAOUTmxr2LzYrhHyTcGOleLGXUXYsnUVwKqnKAgkcg==",
      "optional": true
    },
    "esbuild-linux-64": {
      "version": "0.14.11",
      "resolved": "https://registry.npmjs.org/esbuild-linux-64/-/esbuild-linux-64-0.14.11.tgz",
      "integrity": "sha512-oeR6dIrrojr8DKVrxtH3xl4eencmjsgI6kPkDCRIIFwv4p+K7ySviM85K66BN01oLjzthpUMvBVfWSJkBLeRbg==",
      "optional": true
    },
    "esbuild-linux-arm": {
      "version": "0.14.11",
      "resolved": "https://registry.npmjs.org/esbuild-linux-arm/-/esbuild-linux-arm-0.14.11.tgz",
      "integrity": "sha512-vcwskfD9g0tojux/ZaTJptJQU3a7YgTYsptK1y6LQ/rJmw7U5QJvboNawqM98Ca3ToYEucfCRGbl66OTNtp6KQ==",
      "optional": true
    },
    "esbuild-linux-arm64": {
      "version": "0.14.11",
      "resolved": "https://registry.npmjs.org/esbuild-linux-arm64/-/esbuild-linux-arm64-0.14.11.tgz",
      "integrity": "sha512-+e6ZCgTFQYZlmg2OqLkg1jHLYtkNDksxWDBWNtI4XG4WxuOCUErLqfEt9qWjvzK3XBcCzHImrajkUjO+rRkbMg==",
      "optional": true
    },
    "esbuild-linux-mips64le": {
      "version": "0.14.11",
      "resolved": "https://registry.npmjs.org/esbuild-linux-mips64le/-/esbuild-linux-mips64le-0.14.11.tgz",
      "integrity": "sha512-Rrs99L+p54vepmXIb87xTG6ukrQv+CzrM8eoeR+r/OFL2Rg8RlyEtCeshXJ2+Q66MXZOgPJaokXJZb9snq28bw==",
      "optional": true
    },
    "esbuild-linux-ppc64le": {
      "version": "0.14.11",
      "resolved": "https://registry.npmjs.org/esbuild-linux-ppc64le/-/esbuild-linux-ppc64le-0.14.11.tgz",
      "integrity": "sha512-JyzziGAI0D30Vyzt0HDihp4s1IUtJ3ssV2zx9O/c+U/dhUHVP2TmlYjzCfCr2Q6mwXTeloDcLS4qkyvJtYptdQ==",
      "optional": true
    },
    "esbuild-linux-s390x": {
      "version": "0.14.11",
      "resolved": "https://registry.npmjs.org/esbuild-linux-s390x/-/esbuild-linux-s390x-0.14.11.tgz",
      "integrity": "sha512-DoThrkzunZ1nfRGoDN6REwmo8ZZWHd2ztniPVIR5RMw/Il9wiWEYBahb8jnMzQaSOxBsGp0PbyJeVLTUatnlcw==",
      "optional": true
    },
    "esbuild-netbsd-64": {
      "version": "0.14.11",
      "resolved": "https://registry.npmjs.org/esbuild-netbsd-64/-/esbuild-netbsd-64-0.14.11.tgz",
      "integrity": "sha512-12luoRQz+6eihKYh1zjrw0CBa2aw3twIiHV/FAfjh2NEBDgJQOY4WCEUEN+Rgon7xmLh4XUxCQjnwrvf8zhACw==",
      "optional": true
    },
    "esbuild-openbsd-64": {
      "version": "0.14.11",
      "resolved": "https://registry.npmjs.org/esbuild-openbsd-64/-/esbuild-openbsd-64-0.14.11.tgz",
      "integrity": "sha512-l18TZDjmvwW6cDeR4fmizNoxndyDHamGOOAenwI4SOJbzlJmwfr0jUgjbaXCUuYVOA964siw+Ix+A+bhALWg8Q==",
      "optional": true
    },
    "esbuild-sunos-64": {
      "version": "0.14.11",
      "resolved": "https://registry.npmjs.org/esbuild-sunos-64/-/esbuild-sunos-64-0.14.11.tgz",
      "integrity": "sha512-bmYzDtwASBB8c+0/HVOAiE9diR7+8zLm/i3kEojUH2z0aIs6x/S4KiTuT5/0VKJ4zk69kXel1cNWlHBMkmavQg==",
      "optional": true
    },
    "esbuild-windows-32": {
      "version": "0.14.11",
      "resolved": "https://registry.npmjs.org/esbuild-windows-32/-/esbuild-windows-32-0.14.11.tgz",
      "integrity": "sha512-J1Ys5hMid8QgdY00OBvIolXgCQn1ARhYtxPnG6ESWNTty3ashtc4+As5nTrsErnv8ZGUcWZe4WzTP/DmEVX1UQ==",
      "optional": true
    },
    "esbuild-windows-64": {
      "version": "0.14.11",
      "resolved": "https://registry.npmjs.org/esbuild-windows-64/-/esbuild-windows-64-0.14.11.tgz",
      "integrity": "sha512-h9FmMskMuGeN/9G9+LlHPAoiQk9jlKDUn9yA0MpiGzwLa82E7r1b1u+h2a+InprbSnSLxDq/7p5YGtYVO85Mlg==",
      "optional": true
    },
    "esbuild-windows-arm64": {
      "version": "0.14.11",
      "resolved": "https://registry.npmjs.org/esbuild-windows-arm64/-/esbuild-windows-arm64-0.14.11.tgz",
      "integrity": "sha512-dZp7Krv13KpwKklt9/1vBFBMqxEQIO6ri7Azf8C+ob4zOegpJmha2XY9VVWP/OyQ0OWk6cEeIzMJwInRZrzBUQ==",
      "optional": true
    },
    "esprima": {
      "version": "3.0.0",
      "resolved": "https://registry.npmjs.org/esprima/-/esprima-3.0.0.tgz",
      "integrity": "sha1-U88kes2ncxPlUcOqLnM0LT+099k="
    },
    "fill-range": {
      "version": "7.0.1",
      "resolved": "https://registry.npmjs.org/fill-range/-/fill-range-7.0.1.tgz",
      "integrity": "sha512-qOo9F+dMUmC2Lcb4BbVvnKJxTPjCm+RRpe4gDuGrzkL7mEVl/djYSu2OdQ2Pa302N4oqkSg9ir6jaLWJ2USVpQ==",
      "requires": {
        "to-regex-range": "^5.0.1"
      }
    },
    "fsevents": {
      "version": "2.3.2",
      "resolved": "https://registry.npmjs.org/fsevents/-/fsevents-2.3.2.tgz",
      "integrity": "sha512-xiqMQR4xAeHTuB9uWm+fFRcIOgKBMiOBP+eXiyT7jsgVCq1bkVygt00oASowB7EdtpOHaaPgKt812P9ab+DDKA==",
      "optional": true
    },
    "glob-parent": {
      "version": "5.1.2",
      "resolved": "https://registry.npmjs.org/glob-parent/-/glob-parent-5.1.2.tgz",
      "integrity": "sha512-AOIgSQCepiJYwP3ARnGx+5VnTu2HBYdzbGP45eLw1vr3zB3vZLeyed1sC9hnbcOc9/SrMyM5RPQrkGz4aS9Zow==",
      "requires": {
        "is-glob": "^4.0.1"
      }
    },
    "humanize": {
      "version": "0.0.9",
      "resolved": "https://registry.npmjs.org/humanize/-/humanize-0.0.9.tgz",
      "integrity": "sha1-GZT/rs3+nEQe0r2sdFK3u0yeQaQ="
    },
    "immutable": {
      "version": "4.0.0",
      "resolved": "https://registry.npmjs.org/immutable/-/immutable-4.0.0.tgz",
      "integrity": "sha512-zIE9hX70qew5qTUjSS7wi1iwj/l7+m54KWU247nhM3v806UdGj1yDndXj+IOYxxtW9zyLI+xqFNZjTuDaLUqFw=="
    },
    "is-binary-path": {
      "version": "2.1.0",
      "resolved": "https://registry.npmjs.org/is-binary-path/-/is-binary-path-2.1.0.tgz",
      "integrity": "sha512-ZMERYes6pDydyuGidse7OsHxtbI7WVeUEozgR/g7rd0xUimYNlvZRE/K2MgZTjWy725IfelLeVcEM97mmtRGXw==",
      "requires": {
        "binary-extensions": "^2.0.0"
      }
    },
    "is-extglob": {
      "version": "2.1.1",
      "resolved": "https://registry.npmjs.org/is-extglob/-/is-extglob-2.1.1.tgz",
      "integrity": "sha1-qIwCU1eR8C7TfHahueqXc8gz+MI="
    },
    "is-glob": {
      "version": "4.0.3",
      "resolved": "https://registry.npmjs.org/is-glob/-/is-glob-4.0.3.tgz",
      "integrity": "sha512-xelSayHH36ZgE7ZWhli7pW34hNbNl8Ojv5KVmkJD4hBdD3th8Tfk9vYasLM+mXWOZhFkgZfxhLSnrwRr4elSSg==",
      "requires": {
        "is-extglob": "^2.1.1"
      }
    },
    "is-number": {
      "version": "7.0.0",
      "resolved": "https://registry.npmjs.org/is-number/-/is-number-7.0.0.tgz",
      "integrity": "sha512-41Cifkg6e8TylSpdtTpeLVMqvSBEVzTttHvERD741+pnZ8ANv0004MRL43QKPDlK9cGvNp6NZWZUBlbGXYxxng=="
    },
    "jquery": {
      "version": "3.6.0",
      "resolved": "https://registry.npmjs.org/jquery/-/jquery-3.6.0.tgz",
      "integrity": "sha512-JVzAR/AjBvVt2BmYhxRCSYysDsPcssdmTFnzyLEts9qNwmjmu4JTAMYubEfwVOSwpQ1I1sKKFcxhZCI2buerfw=="
    },
    "lodash": {
      "version": "4.17.21",
      "resolved": "https://registry.npmjs.org/lodash/-/lodash-4.17.21.tgz",
      "integrity": "sha512-v2kDEe57lecTulaDIuNTPy3Ry4gLGJ6Z1O3vE1krgXZNrsQ+LFTGHVxVjcXPs17LhbZVGedAJv8XZ1tvj5FvSg=="
    },
    "microplugin": {
      "version": "0.0.3",
      "resolved": "https://registry.npmjs.org/microplugin/-/microplugin-0.0.3.tgz",
      "integrity": "sha1-H8Lhu3yeGegr2Eu6kTe75xJQ2M0="
    },
    "minimist": {
      "version": "0.0.10",
      "resolved": "https://registry.npmjs.org/minimist/-/minimist-0.0.10.tgz",
      "integrity": "sha1-3j+YVD2/lggr5IrRoMfNqDYwHc8="
    },
    "moment": {
      "version": "2.29.1",
      "resolved": "https://registry.npmjs.org/moment/-/moment-2.29.1.tgz",
      "integrity": "sha512-kHmoybcPV8Sqy59DwNDY3Jefr64lK/by/da0ViFcuA4DH0vQg5Q6Ze5VimxkfQNSC+Mls/Kx53s7TjP1RhFEDQ=="
    },
    "moment-timezone": {
      "version": "0.4.1",
      "resolved": "https://registry.npmjs.org/moment-timezone/-/moment-timezone-0.4.1.tgz",
      "integrity": "sha1-gfWYw61eIs2teWtn7NjYjQ9bqgY=",
      "requires": {
        "moment": ">= 2.6.0"
      }
    },
    "normalize-path": {
      "version": "3.0.0",
      "resolved": "https://registry.npmjs.org/normalize-path/-/normalize-path-3.0.0.tgz",
      "integrity": "sha512-6eZs5Ls3WtCisHWp9S2GUy8dqkpGi4BVSz3GaqiE6ezub0512ESztXUwUB6C6IKbQkY2Pnb/mD4WYojCRwcwLA=="
    },
    "optimist": {
      "version": "0.6.1",
      "resolved": "https://registry.npmjs.org/optimist/-/optimist-0.6.1.tgz",
      "integrity": "sha1-2j6nRob6IaGaERwybpDrFaAZZoY=",
      "requires": {
        "minimist": "~0.0.1",
        "wordwrap": "~0.0.2"
      }
    },
    "picomatch": {
      "version": "2.3.1",
      "resolved": "https://registry.npmjs.org/picomatch/-/picomatch-2.3.1.tgz",
      "integrity": "sha512-JU3teHTNjmE2VCGFzuY8EXzCDVwEqB2a8fsIvwaStHhAWJEeVd1o1QD80CU6+ZdEXXSLbSsuLwJjkCBWqRQUVA=="
    },
    "readdirp": {
      "version": "3.6.0",
      "resolved": "https://registry.npmjs.org/readdirp/-/readdirp-3.6.0.tgz",
      "integrity": "sha512-hOS089on8RduqdbhvQ5Z37A0ESjsqz6qnRcffsMU3495FuTdqSm+7bhJ29JvIOsBDEEnan5DPu9t3To9VRlMzA==",
      "requires": {
        "picomatch": "^2.2.1"
      }
    },
    "redeyed": {
      "version": "1.0.1",
      "resolved": "https://registry.npmjs.org/redeyed/-/redeyed-1.0.1.tgz",
      "integrity": "sha1-6WwZO0DAgWsArshCaY5hGF5VSYo=",
      "requires": {
        "esprima": "~3.0.0"
      }
    },
    "sass": {
      "version": "1.48.0",
      "resolved": "https://registry.npmjs.org/sass/-/sass-1.48.0.tgz",
      "integrity": "sha512-hQi5g4DcfjcipotoHZ80l7GNJHGqQS5LwMBjVYB/TaT0vcSSpbgM8Ad7cgfsB2M0MinbkEQQPO9+sjjSiwxqmw==",
      "requires": {
        "chokidar": ">=3.0.0 <4.0.0",
        "immutable": "^4.0.0",
        "source-map-js": ">=0.6.2 <2.0.0"
      }
    },
    "selectize": {
      "version": "0.12.6",
      "resolved": "https://registry.npmjs.org/selectize/-/selectize-0.12.6.tgz",
      "integrity": "sha512-bWO5A7G+I8+QXyjLfQUgh31VI4WKYagUZQxAXlDyUmDDNrFxrASV0W9hxCOl0XJ/XQ1dZEu3G9HjXV4Wj0yb6w==",
      "requires": {
        "microplugin": "0.0.3",
        "sifter": "^0.5.1"
      }
    },
    "sifter": {
      "version": "0.5.4",
      "resolved": "https://registry.npmjs.org/sifter/-/sifter-0.5.4.tgz",
      "integrity": "sha512-t2yxTi/MM/ESup7XH5oMu8PUcttlekt269RqxARgnvS+7D/oP6RyA1x3M/5w8dG9OgkOyQ8hNRWelQ8Rj4TAQQ==",
      "requires": {
        "async": "^2.6.0",
        "cardinal": "^1.0.0",
        "csv-parse": "^4.6.5",
        "humanize": "^0.0.9",
        "optimist": "^0.6.1"
      }
    },
    "source-map-js": {
      "version": "1.0.1",
      "resolved": "https://registry.npmjs.org/source-map-js/-/source-map-js-1.0.1.tgz",
      "integrity": "sha512-4+TN2b3tqOCd/kaGRJ/sTYA0tR0mdXx26ipdolxcwtJVqEnqNYvlCAt1q3ypy4QMlYus+Zh34RNtYLoq2oQ4IA=="
    },
    "to-regex-range": {
      "version": "5.0.1",
      "resolved": "https://registry.npmjs.org/to-regex-range/-/to-regex-range-5.0.1.tgz",
      "integrity": "sha512-65P7iz6X5yEr1cwcgvQxbbIw7Uk3gOy5dIdtZ4rDveLqhrdJP+Li/Hx6tyK0NEb+2GCyneCMJiGqrADCSNk8sQ==",
      "requires": {
        "is-number": "^7.0.0"
      }
    },
    "wordwrap": {
      "version": "0.0.3",
      "resolved": "https://registry.npmjs.org/wordwrap/-/wordwrap-0.0.3.tgz",
      "integrity": "sha1-o9XabNXAvAAI03I0u68b7WMFkQc="
    }
  }
}
